
Microsoft Visual Studio Solution File, Format Version 12.00
# Visual Studio Version 17
VisualStudioVersion = 17.9.34607.119
MinimumVisualStudioVersion = 10.0.40219.1
Project("{8BC9CEB8-8B4A-11D0-8D11-00A0C91BC942}") = "Kommivoyazher", "Kommivoyazher.vcxproj", "{121E7FEA-F86A-487D-A038-373C64E1DC62}"
EndProject
Global
	GlobalSection(SolutionConfigurationPlatforms) = preSolution
		Debug|x64 = Debug|x64
		Debug|x86 = Debug|x86
		Release|x64 = Release|x64
		Release|x86 = Release|x86
	EndGlobalSection
	GlobalSection(ProjectConfigurationPlatforms) = postSolution
		{121E7FEA-F86A-487D-A038-373C64E1DC62}.Debug|x64.ActiveCfg = Debug|x64
		{121E7FEA-F86A-487D-A038-373C64E1DC62}.Debug|x64.Build.0 = Debug|x64
		{121E7FEA-F86A-487D-A038-373C64E1DC62}.Debug|x86.ActiveCfg = Debug|Win32
		{121E7FEA-F86A-487D-A038-373C64E1DC62}.Debug|x86.Build.0 = Debug|Win32
		{121E7FEA-F86A-487D-A038-373C64E1DC62}.Release|x64.ActiveCfg = Release|x64
		{121E7FEA-F86A-487D-A038-373C64E1DC62}.Release|x64.Build.0 = Release|x64
		{121E7FEA-F86A-487D-A038-373C64E1DC62}.Release|x86.ActiveCfg = Release|Win32
		{121E7FEA-F86A-487D-A038-373C64E1DC62}.Release|x86.Build.0 = Release|Win32
	EndGlobalSection
	GlobalSection(SolutionProperties) = preSolution
		HideSolutionNode = FALSE
	EndGlobalSection
	GlobalSection(ExtensibilityGlobals) = postSolution
		SolutionGuid = {A31E661C-B9C0-4FCE-B180-F9FEF6BD7E5C}
	EndGlobalSection
EndGlobal
